
Microsoft Visual Studio Solution File, Format Version 12.00
# Visual Studio Version 17
VisualStudioVersion = 17.6.33801.468
MinimumVisualStudioVersion = 10.0.40219.1
Project("{FAE04EC0-301F-11D3-BF4B-00C04F79EFBC}") = "Blaze Compiler", "Blaze Compiler\Blaze Compiler.csproj", "{14AC7519-C301-488F-BEE9-097CB7ED7CB2}"
EndProject
Project("{FAE04EC0-301F-11D3-BF4B-00C04F79EFBC}") = "Blaze Interpreter", "Blaze Interpreter Rewrite\Blaze Interpreter.csproj", "{F8A37932-2B89-4C20-B12E-6B40F0B7589C}"
EndProject
Global
	GlobalSection(SolutionConfigurationPlatforms) = preSolution
		Debug|Any CPU = Debug|Any CPU
		Release|Any CPU = Release|Any CPU
	EndGlobalSection
	GlobalSection(ProjectConfigurationPlatforms) = postSolution
		{14AC7519-C301-488F-BEE9-097CB7ED7CB2}.Debug|Any CPU.ActiveCfg = Debug|Any CPU
		{14AC7519-C301-488F-BEE9-097CB7ED7CB2}.Debug|Any CPU.Build.0 = Debug|Any CPU
		{14AC7519-C301-488F-BEE9-097CB7ED7CB2}.Release|Any CPU.ActiveCfg = Release|Any CPU
		{14AC7519-C301-488F-BEE9-097CB7ED7CB2}.Release|Any CPU.Build.0 = Release|Any CPU
		{F8A37932-2B89-4C20-B12E-6B40F0B7589C}.Debug|Any CPU.ActiveCfg = Debug|Any CPU
		{F8A37932-2B89-4C20-B12E-6B40F0B7589C}.Debug|Any CPU.Build.0 = Debug|Any CPU
		{F8A37932-2B89-4C20-B12E-6B40F0B7589C}.Release|Any CPU.ActiveCfg = Release|Any CPU
		{F8A37932-2B89-4C20-B12E-6B40F0B7589C}.Release|Any CPU.Build.0 = Release|Any CPU
	EndGlobalSection
	GlobalSection(SolutionProperties) = preSolution
		HideSolutionNode = FALSE
	EndGlobalSection
	GlobalSection(ExtensibilityGlobals) = postSolution
		SolutionGuid = {FA9B1601-18A5-4D3A-B913-E169117BBD84}
	EndGlobalSection
EndGlobal
